
Microsoft Visual Studio Solution File, Format Version 12.00
# Visual Studio 14
VisualStudioVersion = 14.0.25123.0
MinimumVisualStudioVersion = 10.0.40219.1
Project("{FAE04EC0-301F-11D3-BF4B-00C04F79EFBC}") = "WarmUps", "WarmUps\WarmUps.csproj", "{187315F5-00B8-4F00-9455-9531DD1CCE4C}"
EndProject
Project("{FAE04EC0-301F-11D3-BF4B-00C04F79EFBC}") = "WarmUpTest", "WarmUpTest\WarmUpTest.csproj", "{A660C9A6-3340-42A3-9374-D1FB9F4C4244}"
EndProject
Global
	GlobalSection(SolutionConfigurationPlatforms) = preSolution
		Debug|Any CPU = Debug|Any CPU
		Release|Any CPU = Release|Any CPU
	EndGlobalSection
	GlobalSection(ProjectConfigurationPlatforms) = postSolution
		{187315F5-00B8-4F00-9455-9531DD1CCE4C}.Debug|Any CPU.ActiveCfg = Debug|Any CPU
		{187315F5-00B8-4F00-9455-9531DD1CCE4C}.Debug|Any CPU.Build.0 = Debug|Any CPU
		{187315F5-00B8-4F00-9455-9531DD1CCE4C}.Release|Any CPU.ActiveCfg = Release|Any CPU
		{187315F5-00B8-4F00-9455-9531DD1CCE4C}.Release|Any CPU.Build.0 = Release|Any CPU
		{A660C9A6-3340-42A3-9374-D1FB9F4C4244}.Debug|Any CPU.ActiveCfg = Debug|Any CPU
		{A660C9A6-3340-42A3-9374-D1FB9F4C4244}.Debug|Any CPU.Build.0 = Debug|Any CPU
		{A660C9A6-3340-42A3-9374-D1FB9F4C4244}.Release|Any CPU.ActiveCfg = Release|Any CPU
		{A660C9A6-3340-42A3-9374-D1FB9F4C4244}.Release|Any CPU.Build.0 = Release|Any CPU
	EndGlobalSection
	GlobalSection(SolutionProperties) = preSolution
		HideSolutionNode = FALSE
	EndGlobalSection
EndGlobal
